// !$*UTF8*$!
{
	archiveVersion = 1;
	classes = {
	};
	objectVersion = 77;
	objects = {

/* Begin PBXContainerItemProxy section */
		DFD393C12CECB3EB00C6511A /* PBXContainerItemProxy */ = {
			isa = PBXContainerItemProxy;
			containerPortal = DFD393A22CECB3EA00C6511A /* Project object */;
			proxyType = 1;
			remoteGlobalIDString = DFD393A92CECB3EA00C6511A;
			remoteInfo = Todolist;
		};
		DFD393CB2CECB3EC00C6511A /* PBXContainerItemProxy */ = {
			isa = PBXContainerItemProxy;
			containerPortal = DFD393A22CECB3EA00C6511A /* Project object */;
			proxyType = 1;
			remoteGlobalIDString = DFD393A92CECB3EA00C6511A;
			remoteInfo = Todolist;
		};
/* End PBXContainerItemProxy section */

/* Begin PBXFileReference section */
		DFD393AA2CECB3EA00C6511A /* Todolist.app */ = {isa = PBXFileReference; explicitFileType = wrapper.application; includeInIndex = 0; path = Todolist.app; sourceTree = BUILT_PRODUCTS_DIR; };
		DFD393C02CECB3EB00C6511A /* TodolistTests.xctest */ = {isa = PBXFileReference; explicitFileType = wrapper.cfbundle; includeInIndex = 0; path = TodolistTests.xctest; sourceTree = BUILT_PRODUCTS_DIR; };
		DFD393CA2CECB3EC00C6511A /* TodolistUITests.xctest */ = {isa = PBXFileReference; explicitFileType = wrapper.cfbundle; includeInIndex = 0; path = TodolistUITests.xctest; sourceTree = BUILT_PRODUCTS_DIR; };
/* End PBXFileReference section */

/* Begin PBXFileSystemSynchronizedBuildFileExceptionSet section */
		DFD393D22CECB3EC00C6511A /* Exceptions for "Todolist" folder in "Todolist" target */ = {
			isa = PBXFileSystemSynchronizedBuildFileExceptionSet;
			membershipExceptions = (
				Info.plist,
			);
			target = DFD393A92CECB3EA00C6511A /* Todolist */;
		};
/* End PBXFileSystemSynchronizedBuildFileExceptionSet section */

/* Begin PBXFileSystemSynchronizedRootGroup section */
		DFD393AC2CECB3EA00C6511A /* Todolist */ = {
			isa = PBXFileSystemSynchronizedRootGroup;
			exceptions = (
				DFD393D22CECB3EC00C6511A /* Exceptions for "Todolist" folder in "Todolist" target */,
			);
			path = Todolist;
			sourceTree = "<group>";
		};
		DFD393C32CECB3EB00C6511A /* TodolistTests */ = {
			isa = PBXFileSystemSynchronizedRootGroup;
			path = TodolistTests;
			sourceTree = "<group>";
		};
		DFD393CD2CECB3EC00C6511A /* TodolistUITests */ = {
			isa = PBXFileSystemSynchronizedRootGroup;
			path = TodolistUITests;
			sourceTree = "<group>";
		};
/* End PBXFileSystemSynchronizedRootGroup section */

/* Begin PBXFrameworksBuildPhase section */
		DFD393A72CECB3EA00C6511A /* Frameworks */ = {
			isa = PBXFrameworksBuildPhase;
			buildActionMask = 2147483647;
			files = (
			);
			runOnlyForDeploymentPostprocessing = 0;
		};
		DFD393BD2CECB3EB00C6511A /* Frameworks */ = {
			isa = PBXFrameworksBuildPhase;
			buildActionMask = 2147483647;
			files = (
			);
			runOnlyForDeploymentPostprocessing = 0;
		};
		DFD393C72CECB3EC00C6511A /* Frameworks */ = {
			isa = PBXFrameworksBuildPhase;
			buildActionMask = 2147483647;
			files = (
			);
			runOnlyForDeploymentPostprocessing = 0;
		};
/* End PBXFrameworksBuildPhase section */

/* Begin PBXGroup section */
		DFD393A12CECB3EA00C6511A = {
			isa = PBXGroup;
			children = (
				DFD393AC2CECB3EA00C6511A /* Todolist */,
				DFD393C32CECB3EB00C6511A /* TodolistTests */,
				DFD393CD2CECB3EC00C6511A /* TodolistUITests */,
				DFD393AB2CECB3EA00C6511A /* Products */,
			);
			sourceTree = "<group>";
		};
		DFD393AB2CECB3EA00C6511A /* Products */ = {
			isa = PBXGroup;
			children = (
				DFD393AA2CECB3EA00C6511A /* Todolist.app */,
				DFD393C02CECB3EB00C6511A /* TodolistTests.xctest */,
				DFD393CA2CECB3EC00C6511A /* TodolistUITests.xctest */,
			);
			name = Products;
			sourceTree = "<group>";
		};
/* End PBXGroup section */

/* Begin PBXNativeTarget section */
		DFD393A92CECB3EA00C6511A /* Todolist */ = {
			isa = PBXNativeTarget;
			buildConfigurationList = DFD393D32CECB3EC00C6511A /* Build configuration list for PBXNativeTarget "Todolist" */;
			buildPhases = (
				DFD393A62CECB3EA00C6511A /* Sources */,
				DFD393A72CECB3EA00C6511A /* Frameworks */,
				DFD393A82CECB3EA00C6511A /* Resources */,
			);
			buildRules = (
			);
			dependencies = (
			);
			fileSystemSynchronizedGroups = (
				DFD393AC2CECB3EA00C6511A /* Todolist */,
			);
			name = Todolist;
			packageProductDependencies = (
			);
			productName = Todolist;
			productReference = DFD393AA2CECB3EA00C6511A /* Todolist.app */;
			productType = "com.apple.product-type.application";
		};
		DFD393BF2CECB3EB00C6511A /* TodolistTests */ = {
			isa = PBXNativeTarget;
			buildConfigurationList = DFD393D82CECB3EC00C6511A /* Build configuration list for PBXNativeTarget "TodolistTests" */;
			buildPhases = (
				DFD393BC2CECB3EB00C6511A /* Sources */,
				DFD393BD2CECB3EB00C6511A /* Frameworks */,
				DFD393BE2CECB3EB00C6511A /* Resources */,
			);
			buildRules = (
			);
			dependencies = (
				DFD393C22CECB3EB00C6511A /* PBXTargetDependency */,
			);
			fileSystemSynchronizedGroups = (
				DFD393C32CECB3EB00C6511A /* TodolistTests */,
			);
			name = TodolistTests;
			packageProductDependencies = (
			);
			productName = TodolistTests;
			productReference = DFD393C02CECB3EB00C6511A /* TodolistTests.xctest */;
			productType = "com.apple.product-type.bundle.unit-test";
		};
		DFD393C92CECB3EC00C6511A /* TodolistUITests */ = {
			isa = PBXNativeTarget;
			buildConfigurationList = DFD393DB2CECB3EC00C6511A /* Build configuration list for PBXNativeTarget "TodolistUITests" */;
			buildPhases = (
				DFD393C62CECB3EC00C6511A /* Sources */,
				DFD393C72CECB3EC00C6511A /* Frameworks */,
				DFD393C82CECB3EC00C6511A /* Resources */,
			);
			buildRules = (
			);
			dependencies = (
				DFD393CC2CECB3EC00C6511A /* PBXTargetDependency */,
			);
			fileSystemSynchronizedGroups = (
				DFD393CD2CECB3EC00C6511A /* TodolistUITests */,
			);
			name = TodolistUITests;
			packageProductDependencies = (
			);
			productName = TodolistUITests;
			productReference = DFD393CA2CECB3EC00C6511A /* TodolistUITests.xctest */;
			productType = "com.apple.product-type.bundle.ui-testing";
		};
/* End PBXNativeTarget section */

/* Begin PBXProject section */
		DFD393A22CECB3EA00C6511A /* Project object */ = {
			isa = PBXProject;
			attributes = {
				BuildIndependentTargetsInParallel = 1;
				LastSwiftUpdateCheck = 1610;
				LastUpgradeCheck = 1610;
				TargetAttributes = {
					DFD393A92CECB3EA00C6511A = {
						CreatedOnToolsVersion = 16.1;
					};
					DFD393BF2CECB3EB00C6511A = {
						CreatedOnToolsVersion = 16.1;
						TestTargetID = DFD393A92CECB3EA00C6511A;
					};
					DFD393C92CECB3EC00C6511A = {
						CreatedOnToolsVersion = 16.1;
						TestTargetID = DFD393A92CECB3EA00C6511A;
					};
				};
			};
			buildConfigurationList = DFD393A52CECB3EA00C6511A /* Build configuration list for PBXProject "Todolist" */;
			developmentRegion = en;
			hasScannedForEncodings = 0;
			knownRegions = (
				en,
				Base,
			);
			mainGroup = DFD393A12CECB3EA00C6511A;
			minimizedProjectReferenceProxies = 1;
			preferredProjectObjectVersion = 77;
			productRefGroup = DFD393AB2CECB3EA00C6511A /* Products */;
			projectDirPath = "";
			projectRoot = "";
			targets = (
				DFD393A92CECB3EA00C6511A /* Todolist */,
				DFD393BF2CECB3EB00C6511A /* TodolistTests */,
				DFD393C92CECB3EC00C6511A /* TodolistUITests */,
			);
		};
/* End PBXProject section */

/* Begin PBXResourcesBuildPhase section */
		DFD393A82CECB3EA00C6511A /* Resources */ = {
			isa = PBXResourcesBuildPhase;
			buildActionMask = 2147483647;
			files = (
			);
			runOnlyForDeploymentPostprocessing = 0;
		};
		DFD393BE2CECB3EB00C6511A /* Resources */ = {
			isa = PBXResourcesBuildPhase;
			buildActionMask = 2147483647;
			files = (
			);
			runOnlyForDeploymentPostprocessing = 0;
		};
		DFD393C82CECB3EC00C6511A /* Resources */ = {
			isa = PBXResourcesBuildPhase;
			buildActionMask = 2147483647;
			files = (
			);
			runOnlyForDeploymentPostprocessing = 0;
		};
/* End PBXResourcesBuildPhase section */

/* Begin PBXSourcesBuildPhase section */
		DFD393A62CECB3EA00C6511A /* Sources */ = {
			isa = PBXSourcesBuildPhase;
			buildActionMask = 2147483647;
			files = (
			);
			runOnlyForDeploymentPostprocessing = 0;
		};
		DFD393BC2CECB3EB00C6511A /* Sources */ = {
			isa = PBXSourcesBuildPhase;
			buildActionMask = 2147483647;
			files = (
			);
			runOnlyForDeploymentPostprocessing = 0;
		};
		DFD393C62CECB3EC00C6511A /* Sources */ = {
			isa = PBXSourcesBuildPhase;
			buildActionMask = 2147483647;
			files = (
			);
			runOnlyForDeploymentPostprocessing = 0;
		};
/* End PBXSourcesBuildPhase section */

/* Begin PBXTargetDependency section */
		DFD393C22CECB3EB00C6511A /* PBXTargetDependency */ = {
			isa = PBXTargetDependency;
			target = DFD393A92CECB3EA00C6511A /* Todolist */;
			targetProxy = DFD393C12CECB3EB00C6511A /* PBXContainerItemProxy */;
		};
		DFD393CC2CECB3EC00C6511A /* PBXTargetDependency */ = {
			isa = PBXTargetDependency;
			target = DFD393A92CECB3EA00C6511A /* Todolist */;
			targetProxy = DFD393CB2CECB3EC00C6511A /* PBXContainerItemProxy */;
		};
/* End PBXTargetDependency section */

/* Begin XCBuildConfiguration section */
		DFD393D42CECB3EC00C6511A /* Debug */ = {
			isa = XCBuildConfiguration;
			buildSettings = {
				ASSETCATALOG_COMPILER_APPICON_NAME = AppIcon;
				ASSETCATALOG_COMPILER_GLOBAL_ACCENT_COLOR_NAME = AccentColor;
				CODE_SIGN_STYLE = Automatic;
				CURRENT_PROJECT_VERSION = 1;
				GENERATE_INFOPLIST_FILE = YES;
				INFOPLIST_FILE = Todolist/Info.plist;
				INFOPLIST_KEY_UIApplicationSupportsIndirectInputEvents = YES;
				INFOPLIST_KEY_UILaunchStoryboardName = LaunchScreen;
				INFOPLIST_KEY_UIMainStoryboardFile = Main;
				INFOPLIST_KEY_UISupportedInterfaceOrientations_iPad = "UIInterfaceOrientationPortrait UIInterfaceOrientationPortraitUpsideDown UIInterfaceOrientationLandscapeLeft UIInterfaceOrientationLandscapeRight";
				INFOPLIST_KEY_UISupportedInterfaceOrientations_iPhone = "UIInterfaceOrientationPortrait UIInterfaceOrientationLandscapeLeft UIInterfaceOrientationLandscapeRight";
				LD_RUNPATH_SEARCH_PATHS = (
					"$(inherited)",
					"@executable_path/Frameworks",
				);
				MARKETING_VERSION = 1.0;
				PRODUCT_BUNDLE_IDENTIFIER = bhavesh.com.Todolist;
				PRODUCT_NAME = "$(TARGET_NAME)";
				SWIFT_EMIT_LOC_STRINGS = YES;
				SWIFT_VERSION = 5.0;
				TARGETED_DEVICE_FAMILY = "1,2";
			};
			name = Debug;
		};
		DFD393D52CECB3EC00C6511A /* Release */ = {
			isa = XCBuildConfiguration;
			buildSettings = {
				ASSETCATALOG_COMPILER_APPICON_NAME = AppIcon;
				ASSETCATALOG_COMPILER_GLOBAL_ACCENT_COLOR_NAME = AccentColor;
				CODE_SIGN_STYLE = Automatic;
				CURRENT_PROJECT_VERSION = 1;
				GENERATE_INFOPLIST_FILE = YES;
				INFOPLIST_FILE = Todolist/Info.plist;
				INFOPLIST_KEY_UIApplicationSupportsIndirectInputEvents = YES;
				INFOPLIST_KEY_UILaunchStoryboardName = LaunchScreen;
				INFOPLIST_KEY_UIMainStoryboardFile = Main;
				INFOPLIST_KEY_UISupportedInterfaceOrientations_iPad = "UIInterfaceOrientationPortrait UIInterfaceOrientationPortraitUpsideDown UIInterfaceOrientationLandscapeLeft UIInterfaceOrientationLandscapeRight";
				INFOPLIST_KEY_UISupportedInterfaceOrientations_iPhone = "UIInterfaceOrientationPortrait UIInterfaceOrientationLandscapeLeft UIInterfaceOrientationLandscapeRight";
				LD_RUNPATH_SEARCH_PATHS = (
					"$(inherited)",
					"@executable_path/Frameworks",
				);
				MARKETING_VERSION = 1.0;
				PRODUCT_BUNDLE_IDENTIFIER = bhavesh.com.Todolist;
				PRODUCT_NAME = "$(TARGET_NAME)";
				SWIFT_EMIT_LOC_STRINGS = YES;
				SWIFT_VERSION = 5.0;
				TARGETED_DEVICE_FAMILY = "1,2";
			};
			name = Release;
		};
		DFD393D62CECB3EC00C6511A /* Debug */ = {
			isa = XCBuildConfiguration;
			buildSettings = {
				ALWAYS_SEARCH_USER_PATHS = NO;
				ASSETCATALOG_COMPILER_GENERATE_SWIFT_ASSET_SYMBOL_EXTENSIONS = YES;
				CLANG_ANALYZER_NONNULL = YES;
				CLANG_ANALYZER_NUMBER_OBJECT_CONVERSION = YES_AGGRESSIVE;
				CLANG_CXX_LANGUAGE_STANDARD = "gnu++20";
				CLANG_ENABLE_MODULES = YES;
				CLANG_ENABLE_OBJC_ARC = YES;
				CLANG_ENABLE_OBJC_WEAK = YES;
				CLANG_WARN_BLOCK_CAPTURE_AUTORELEASING = YES;
				CLANG_WARN_BOOL_CONVERSION = YES;
				CLANG_WARN_COMMA = YES;
				CLANG_WARN_CONSTANT_CONVERSION = YES;
				CLANG_WARN_DEPRECATED_OBJC_IMPLEMENTATIONS = YES;
				CLANG_WARN_DIRECT_OBJC_ISA_USAGE = YES_ERROR;
				CLANG_WARN_DOCUMENTATION_COMMENTS = YES;
				CLANG_WARN_EMPTY_BODY = YES;
				CLANG_WARN_ENUM_CONVERSION = YES;
				CLANG_WARN_INFINITE_RECURSION = YES;
				CLANG_WARN_INT_CONVERSION = YES;
				CLANG_WARN_NON_LITERAL_NULL_CONVERSION = YES;
				CLANG_WARN_OBJC_IMPLICIT_RETAIN_SELF = YES;
				CLANG_WARN_OBJC_LITERAL_CONVERSION = YES;
				CLANG_WARN_OBJC_ROOT_CLASS = YES_ERROR;
				CLANG_WARN_QUOTED_INCLUDE_IN_FRAMEWORK_HEADER = YES;
				CLANG_WARN_RANGE_LOOP_ANALYSIS = YES;
				CLANG_WARN_STRICT_PROTOTYPES = YES;
				CLANG_WARN_SUSPICIOUS_MOVE = YES;
				CLANG_WARN_UNGUARDED_AVAILABILITY = YES_AGGRESSIVE;
				CLANG_WARN_UNREACHABLE_CODE = YES;
				CLANG_WARN__DUPLICATE_METHOD_MATCH = YES;
				COPY_PHASE_STRIP = NO;
				DEBUG_INFORMATION_FORMAT = dwarf;
				ENABLE_STRICT_OBJC_MSGSEND = YES;
				ENABLE_TESTABILITY = YES;
				ENABLE_USER_SCRIPT_SANDBOXING = YES;
				GCC_C_LANGUAGE_STANDARD = gnu17;
				GCC_DYNAMIC_NO_PIC = NO;
				GCC_NO_COMMON_BLOCKS = YES;
				GCC_OPTIMIZATION_LEVEL = 0;
				GCC_PREPROCESSOR_DEFINITIONS = (
					"DEBUG=1",
					"$(inherited)",
				);
				GCC_WARN_64_TO_32_BIT_CONVERSION = YES;
				GCC_WARN_ABOUT_RETURN_TYPE = YES_ERROR;
				GCC_WARN_UNDECLARED_SELECTOR = YES;
				GCC_WARN_UNINITIALIZED_AUTOS = YES_AGGRESSIVE;
				GCC_WARN_UNUSED_FUNCTION = YES;
				GCC_WARN_UNUSED_VARIABLE = YES;
				IPHONEOS_DEPLOYMENT_TARGET = 18.1;
				LOCALIZATION_PREFERS_STRING_CATALOGS = YES;
				MTL_ENABLE_DEBUG_INFO = INCLUDE_SOURCE;
				MTL_FAST_MATH = YES;
				ONLY_ACTIVE_ARCH = YES;
				SDKROOT = iphoneos;
				SWIFT_ACTIVE_COMPILATION_CONDITIONS = "DEBUG $(inherited)";
				SWIFT_OPTIMIZATION_LEVEL = "-Onone";
			};
			name = Debug;
		};
		DFD393D72CECB3EC00C6511A /* Release */ = {
			isa = XCBuildConfiguration;
			buildSettings = {
				ALWAYS_SEARCH_USER_PATHS = NO;
				ASSETCATALOG_COMPILER_GENERATE_SWIFT_ASSET_SYMBOL_EXTENSIONS = YES;
				CLANG_ANALYZER_NONNULL = YES;
				CLANG_ANALYZER_NUMBER_OBJECT_CONVERSION = YES_AGGRESSIVE;
				CLANG_CXX_LANGUAGE_STANDARD = "gnu++20";
				CLANG_ENABLE_MODULES = YES;
				CLANG_ENABLE_OBJC_ARC = YES;
				CLANG_ENABLE_OBJC_WEAK = YES;
				CLANG_WARN_BLOCK_CAPTURE_AUTORELEASING = YES;
				CLANG_WARN_BOOL_CONVERSION = YES;
				CLANG_WARN_COMMA = YES;
				CLANG_WARN_CONSTANT_CONVERSION = YES;
				CLANG_WARN_DEPRECATED_OBJC_IMPLEMENTATIONS = YES;
				CLANG_WARN_DIRECT_OBJC_ISA_USAGE = YES_ERROR;
				CLANG_WARN_DOCUMENTATION_COMMENTS = YES;
				CLANG_WARN_EMPTY_BODY = YES;
				CLANG_WARN_ENUM_CONVERSION = YES;
				CLANG_WARN_INFINITE_RECURSION = YES;
				CLANG_WARN_INT_CONVERSION = YES;
				CLANG_WARN_NON_LITERAL_NULL_CONVERSION = YES;
				CLANG_WARN_OBJC_IMPLICIT_RETAIN_SELF = YES;
				CLANG_WARN_OBJC_LITERAL_CONVERSION = YES;
				CLANG_WARN_OBJC_ROOT_CLASS = YES_ERROR;
				CLANG_WARN_QUOTED_INCLUDE_IN_FRAMEWORK_HEADER = YES;
				CLANG_WARN_RANGE_LOOP_ANALYSIS = YES;
				CLANG_WARN_STRICT_PROTOTYPES = YES;
				CLANG_WARN_SUSPICIOUS_MOVE = YES;
				CLANG_WARN_UNGUARDED_AVAILABILITY = YES_AGGRESSIVE;
				CLANG_WARN_UNREACHABLE_CODE = YES;
				CLANG_WARN__DUPLICATE_METHOD_MATCH = YES;
				COPY_PHASE_STRIP = NO;
				DEBUG_INFORMATION_FORMAT = "dwarf-with-dsym";
				ENABLE_NS_ASSERTIONS = NO;
				ENABLE_STRICT_OBJC_MSGSEND = YES;
				ENABLE_USER_SCRIPT_SANDBOXING = YES;
				GCC_C_LANGUAGE_STANDARD = gnu17;
				GCC_NO_COMMON_BLOCKS = YES;
				GCC_WARN_64_TO_32_BIT_CONVERSION = YES;
				GCC_WARN_ABOUT_RETURN_TYPE = YES_ERROR;
				GCC_WARN_UNDECLARED_SELECTOR = YES;
				GCC_WARN_UNINITIALIZED_AUTOS = YES_AGGRESSIVE;
				GCC_WARN_UNUSED_FUNCTION = YES;
				GCC_WARN_UNUSED_VARIABLE = YES;
				IPHONEOS_DEPLOYMENT_TARGET = 18.1;
				LOCALIZATION_PREFERS_STRING_CATALOGS = YES;
				MTL_ENABLE_DEBUG_INFO = NO;
				MTL_FAST_MATH = YES;
				SDKROOT = iphoneos;
				SWIFT_COMPILATION_MODE = wholemodule;
				VALIDATE_PRODUCT = YES;
			};
			name = Release;
		};
		DFD393D92CECB3EC00C6511A /* Debug */ = {
			isa = XCBuildConfiguration;
			buildSettings = {
				BUNDLE_LOADER = "$(TEST_HOST)";
				CODE_SIGN_STYLE = Automatic;
				CURRENT_PROJECT_VERSION = 1;
				GENERATE_INFOPLIST_FILE = YES;
				IPHONEOS_DEPLOYMENT_TARGET = 18.1;
				MARKETING_VERSION = 1.0;
				PRODUCT_BUNDLE_IDENTIFIER = bhavesh.com.TodolistTests;
				PRODUCT_NAME = "$(TARGET_NAME)";
				SWIFT_EMIT_LOC_STRINGS = NO;
				SWIFT_VERSION = 5.0;
				TARGETED_DEVICE_FAMILY = "1,2";
				TEST_HOST = "$(BUILT_PRODUCTS_DIR)/Todolist.app/$(BUNDLE_EXECUTABLE_FOLDER_PATH)/Todolist";
			};
			name = Debug;
		};
		DFD393DA2CECB3EC00C6511A /* Release */ = {
			isa = XCBuildConfiguration;
			buildSettings = {
				BUNDLE_LOADER = "$(TEST_HOST)";
				CODE_SIGN_STYLE = Automatic;
				CURRENT_PROJECT_VERSION = 1;
				GENERATE_INFOPLIST_FILE = YES;
				IPHONEOS_DEPLOYMENT_TARGET = 18.1;
				MARKETING_VERSION = 1.0;
				PRODUCT_BUNDLE_IDENTIFIER = bhavesh.com.TodolistTests;
				PRODUCT_NAME = "$(TARGET_NAME)";
				SWIFT_EMIT_LOC_STRINGS = NO;
				SWIFT_VERSION = 5.0;
				TARGETED_DEVICE_FAMILY = "1,2";
				TEST_HOST = "$(BUILT_PRODUCTS_DIR)/Todolist.app/$(BUNDLE_EXECUTABLE_FOLDER_PATH)/Todolist";
			};
			name = Release;
		};
		DFD393DC2CECB3EC00C6511A /* Debug */ = {
			isa = XCBuildConfiguration;
			buildSettings = {
				CODE_SIGN_STYLE = Automatic;
				CURRENT_PROJECT_VERSION = 1;
				GENERATE_INFOPLIST_FILE = YES;
				MARKETING_VERSION = 1.0;
				PRODUCT_BUNDLE_IDENTIFIER = bhavesh.com.TodolistUITests;
				PRODUCT_NAME = "$(TARGET_NAME)";
				SWIFT_EMIT_LOC_STRINGS = NO;
				SWIFT_VERSION = 5.0;
				TARGETED_DEVICE_FAMILY = "1,2";
				TEST_TARGET_NAME = Todolist;
			};
			name = Debug;
		};
		DFD393DD2CECB3EC00C6511A /* Release */ = {
			isa = XCBuildConfiguration;
			buildSettings = {
				CODE_SIGN_STYLE = Automatic;
				CURRENT_PROJECT_VERSION = 1;
				GENERATE_INFOPLIST_FILE = YES;
				MARKETING_VERSION = 1.0;
				PRODUCT_BUNDLE_IDENTIFIER = bhavesh.com.TodolistUITests;
				PRODUCT_NAME = "$(TARGET_NAME)";
				SWIFT_EMIT_LOC_STRINGS = NO;
				SWIFT_VERSION = 5.0;
				TARGETED_DEVICE_FAMILY = "1,2";
				TEST_TARGET_NAME = Todolist;
			};
			name = Release;
		};
/* End XCBuildConfiguration section */

/* Begin XCConfigurationList section */
		DFD393A52CECB3EA00C6511A /* Build configuration list for PBXProject "Todolist" */ = {
			isa = XCConfigurationList;
			buildConfigurations = (
				DFD393D62CECB3EC00C6511A /* Debug */,
				DFD393D72CECB3EC00C6511A /* Release */,
			);
			defaultConfigurationIsVisible = 0;
			defaultConfigurationName = Release;
		};
		DFD393D32CECB3EC00C6511A /* Build configuration list for PBXNativeTarget "Todolist" */ = {
			isa = XCConfigurationList;
			buildConfigurations = (
				DFD393D42CECB3EC00C6511A /* Debug */,
				DFD393D52CECB3EC00C6511A /* Release */,
			);
			defaultConfigurationIsVisible = 0;
			defaultConfigurationName = Release;
		};
		DFD393D82CECB3EC00C6511A /* Build configuration list for PBXNativeTarget "TodolistTests" */ = {
			isa = XCConfigurationList;
			buildConfigurations = (
				DFD393D92CECB3EC00C6511A /* Debug */,
				DFD393DA2CECB3EC00C6511A /* Release */,
			);
			defaultConfigurationIsVisible = 0;
			defaultConfigurationName = Release;
		};
		DFD393DB2CECB3EC00C6511A /* Build configuration list for PBXNativeTarget "TodolistUITests" */ = {
			isa = XCConfigurationList;
			buildConfigurations = (
				DFD393DC2CECB3EC00C6511A /* Debug */,
				DFD393DD2CECB3EC00C6511A /* Release */,
			);
			defaultConfigurationIsVisible = 0;
			defaultConfigurationName = Release;
		};
/* End XCConfigurationList section */
	};
	rootObject = DFD393A22CECB3EA00C6511A /* Project object */;
}
